{
  "name": "@gaia-x/gaia-x-vc",
  "version": "1.4.0",
  "lockfileVersion": 3,
  "requires": true,
  "packages": {
    "": {
      "version": "1.4.0",
      "license": "ISC",
      "dependencies": {
        "@types/node": "^18.7.14",
        "class-validator": "^0.14.1",
        "ed25519-signature-2018-context": "^1.1.0",
        "jsonld-signatures": "^10.0.0",
        "reflect-metadata": "^0.1.13",
        "rimraf": "^3.0.2",
        "rxjs": "^7.5.6",
        "typescript": "^4.8.2",
        "uuid": "^8.3.2"
      },
      "devDependencies": {
        "@digitalbazaar/ed25519-signature-2018": "^2.1.0",
        "@digitalbazaar/ed25519-verification-key-2018": "^3.2.0",
        "@digitalcredentials/vc": "^9.0.1",
        "@nestjs/common": "^9.0.11",
        "@nestjs/core": "^9.0.11",
        "@nestjs/swagger": "^6.1.2",
        "@types/uuid": "^8.3.4",
        "class-transformer": "^0.5.1"
      },
      "peerDependencies": {
        "@digitalbazaar/ed25519-signature-2018": "^2.1.0",
        "@digitalbazaar/ed25519-verification-key-2018": "^3.2.0",
        "@digitalcredentials/vc": "^9.0.1",
        "@nestjs/common": "^9.0.11",
        "@nestjs/swagger": "^6.1.2",
        "class-transformer": "^0.5.1"
      }
    },
    "node_modules/@digitalbazaar/ed25519-signature-2018": {
      "version": "2.1.0",
      "resolved": "https://registry.npmjs.org/@digitalbazaar/ed25519-signature-2018/-/ed25519-signature-2018-2.1.0.tgz",
      "integrity": "sha512-RNhgpYS4P8SRpMkPZlamvXySmEvYtgL+gC0ZbKEeKVUycc55UgTkycctiyJXNLh58bBoqm58K2WBTHMMYdgZGg==",
      "dev": true,
      "dependencies": {
        "@digitalbazaar/ed25519-verification-key-2018": "^3.1.1",
        "@digitalbazaar/ed25519-verification-key-2020": "^3.2.0",
        "@digitalbazaar/jws-linked-data-signature": "^1.0.1",
        "base58-universal": "^1.0.0",
        "ed25519-signature-2018-context": "^1.0.1",
        "ed25519-signature-2020-context": "^1.1.0",
        "esm": "^3.2.25",
        "jsonld": "^5.2.0"
      },
      "engines": {
        "node": ">=12"
      }
    },
    "node_modules/@digitalbazaar/ed25519-signature-2018/node_modules/@digitalbazaar/http-client": {
      "version": "1.2.0",
      "resolved": "https://registry.npmjs.org/@digitalbazaar/http-client/-/http-client-1.2.0.tgz",
      "integrity": "sha512-W9KQQ5pUJcaR0I4c2HPJC0a7kRbZApIorZgPnEDwMBgj16iQzutGLrCXYaZOmxqVLVNqqlQ4aUJh+HBQZy4W6Q==",
      "dev": true,
      "dependencies": {
        "esm": "^3.2.22",
        "ky": "^0.25.1",
        "ky-universal": "^0.8.2"
      },
      "engines": {
        "node": ">=10.0.0"
      }
    },
    "node_modules/@digitalbazaar/ed25519-signature-2018/node_modules/data-uri-to-buffer": {
      "version": "3.0.1",
      "resolved": "https://registry.npmjs.org/data-uri-to-buffer/-/data-uri-to-buffer-3.0.1.tgz",
      "integrity": "sha512-WboRycPNsVw3B3TL559F7kuBUM4d8CgMEvk6xEJlOp7OBPjt6G7z8WMWlD2rOFZLk6OYfFIUGsCOWzcQH9K2og==",
      "dev": true,
      "engines": {
        "node": ">= 6"
      }
    },
    "node_modules/@digitalbazaar/ed25519-signature-2018/node_modules/fetch-blob": {
      "version": "2.1.2",
      "resolved": "https://registry.npmjs.org/fetch-blob/-/fetch-blob-2.1.2.tgz",
      "integrity": "sha512-YKqtUDwqLyfyMnmbw8XD6Q8j9i/HggKtPEI+pZ1+8bvheBu78biSmNaXWusx1TauGqtUUGx/cBb1mKdq2rLYow==",
      "dev": true,
      "engines": {
        "node": "^10.17.0 || >=12.3.0"
      },
      "peerDependenciesMeta": {
        "domexception": {
          "optional": true
        }
      }
    },
    "node_modules/@digitalbazaar/ed25519-signature-2018/node_modules/jsonld": {
      "version": "5.2.0",
      "resolved": "https://registry.npmjs.org/jsonld/-/jsonld-5.2.0.tgz",
      "integrity": "sha512-JymgT6Xzk5CHEmHuEyvoTNviEPxv6ihLWSPu1gFdtjSAyM6cFqNrv02yS/SIur3BBIkCf0HjizRc24d8/FfQKw==",
      "dev": true,
      "dependencies": {
        "@digitalbazaar/http-client": "^1.1.0",
        "canonicalize": "^1.0.1",
        "lru-cache": "^6.0.0",
        "rdf-canonize": "^3.0.0"
      },
      "engines": {
        "node": ">=12"
      }
    },
    "node_modules/@digitalbazaar/ed25519-signature-2018/node_modules/ky": {
      "version": "0.25.1",
      "resolved": "https://registry.npmjs.org/ky/-/ky-0.25.1.tgz",
      "integrity": "sha512-PjpCEWlIU7VpiMVrTwssahkYXX1by6NCT0fhTUX34F3DTinARlgMpriuroolugFPcMgpPWrOW4mTb984Qm1RXA==",
      "dev": true,
      "engines": {
        "node": ">=10"
      },
      "funding": {
        "url": "https://github.com/sindresorhus/ky?sponsor=1"
      }
    },
    "node_modules/@digitalbazaar/ed25519-signature-2018/node_modules/ky-universal": {
      "version": "0.8.2",
      "resolved": "https://registry.npmjs.org/ky-universal/-/ky-universal-0.8.2.tgz",
      "integrity": "sha512-xe0JaOH9QeYxdyGLnzUOVGK4Z6FGvDVzcXFTdrYA1f33MZdEa45sUDaMBy98xQMcsd2XIBrTXRrRYnegcSdgVQ==",
      "dev": true,
      "dependencies": {
        "abort-controller": "^3.0.0",
        "node-fetch": "3.0.0-beta.9"
      },
      "engines": {
        "node": ">=10.17"
      },
      "funding": {
        "url": "https://github.com/sindresorhus/ky-universal?sponsor=1"
      },
      "peerDependencies": {
        "ky": ">=0.17.0",
        "web-streams-polyfill": ">=2.0.0"
      },
      "peerDependenciesMeta": {
        "web-streams-polyfill": {
          "optional": true
        }
      }
    },
    "node_modules/@digitalbazaar/ed25519-signature-2018/node_modules/node-fetch": {
      "version": "3.0.0-beta.9",
      "resolved": "https://registry.npmjs.org/node-fetch/-/node-fetch-3.0.0-beta.9.tgz",
      "integrity": "sha512-RdbZCEynH2tH46+tj0ua9caUHVWrd/RHnRfvly2EVdqGmI3ndS1Vn/xjm5KuGejDt2RNDQsVRLPNd2QPwcewVg==",
      "dev": true,
      "dependencies": {
        "data-uri-to-buffer": "^3.0.1",
        "fetch-blob": "^2.1.1"
      },
      "engines": {
        "node": "^10.17 || >=12.3"
      },
      "funding": {
        "type": "opencollective",
        "url": "https://opencollective.com/node-fetch"
      }
    },
    "node_modules/@digitalbazaar/ed25519-verification-key-2018": {
      "version": "3.2.0",
      "resolved": "https://registry.npmjs.org/@digitalbazaar/ed25519-verification-key-2018/-/ed25519-verification-key-2018-3.2.0.tgz",
      "integrity": "sha512-j/jTA6SFXpiMofoCnhC4iD6NPBeT9b4/JiC8uM+1sVMb2dqGQjTxv7Ld5oZqLsLf6idvd5V42X3zrezRJ9J8AA==",
      "dev": true,
      "dependencies": {
        "@noble/ed25519": "^1.6.0",
        "base58-universal": "^1.0.0",
        "crypto-ld": "^5.0.0",
        "esm": "^3.2.25"
      },
      "engines": {
        "node": ">=12"
      }
    },
    "node_modules/@digitalbazaar/ed25519-verification-key-2020": {
      "version": "3.3.0",
      "resolved": "https://registry.npmjs.org/@digitalbazaar/ed25519-verification-key-2020/-/ed25519-verification-key-2020-3.3.0.tgz",
      "integrity": "sha512-/euFk/BNnwLIbaWxHW76PW26emuGjaJ8vbTMgdcIcx3TbDE1dsAbmLSzE9122KLT59CLLfOXvl5uA9xa14VRqQ==",
      "dev": true,
      "dependencies": {
        "@noble/ed25519": "^1.6.0",
        "base58-universal": "^1.0.0",
        "base64url-universal": "^1.1.0",
        "crypto-ld": "^5.1.0",
        "esm": "^3.2.25"
      },
      "engines": {
        "node": ">=14"
      }
    },
    "node_modules/@digitalbazaar/http-client": {
      "version": "3.2.0",
      "resolved": "https://registry.npmjs.org/@digitalbazaar/http-client/-/http-client-3.2.0.tgz",
      "integrity": "sha512-NhYXcWE/JDE7AnJikNX7q0S6zNuUPA2NuIoRdUpmvHlarjmRqyr6hIO3Awu2FxlUzbdiI1uzuWrZyB9mD1tTvw==",
      "dependencies": {
        "ky": "^0.30.0",
        "ky-universal": "^0.10.1",
        "undici": "^5.2.0"
      },
      "engines": {
        "node": ">=14.0"
      }
    },
    "node_modules/@digitalbazaar/jws-linked-data-signature": {
      "version": "1.0.1",
      "resolved": "https://registry.npmjs.org/@digitalbazaar/jws-linked-data-signature/-/jws-linked-data-signature-1.0.1.tgz",
      "integrity": "sha512-6bj1q/gQgk7rCKGJqwIF7rrSHcqCl049hNwIoNRVHOJpD5pOdTVlJqjdd1/a49UFcoYqiIpb1Bq/5xg/iAsWbQ==",
      "dev": true,
      "dependencies": {
        "base64url-universal": "^1.1.0",
        "esm": "^3.2.25",
        "jsonld-signatures": "^9.0.2"
      },
      "engines": {
        "node": ">=12"
      }
    },
    "node_modules/@digitalbazaar/jws-linked-data-signature/node_modules/@digitalbazaar/http-client": {
      "version": "1.2.0",
      "resolved": "https://registry.npmjs.org/@digitalbazaar/http-client/-/http-client-1.2.0.tgz",
      "integrity": "sha512-W9KQQ5pUJcaR0I4c2HPJC0a7kRbZApIorZgPnEDwMBgj16iQzutGLrCXYaZOmxqVLVNqqlQ4aUJh+HBQZy4W6Q==",
      "dev": true,
      "dependencies": {
        "esm": "^3.2.22",
        "ky": "^0.25.1",
        "ky-universal": "^0.8.2"
      },
      "engines": {
        "node": ">=10.0.0"
      }
    },
    "node_modules/@digitalbazaar/jws-linked-data-signature/node_modules/data-uri-to-buffer": {
      "version": "3.0.1",
      "resolved": "https://registry.npmjs.org/data-uri-to-buffer/-/data-uri-to-buffer-3.0.1.tgz",
      "integrity": "sha512-WboRycPNsVw3B3TL559F7kuBUM4d8CgMEvk6xEJlOp7OBPjt6G7z8WMWlD2rOFZLk6OYfFIUGsCOWzcQH9K2og==",
      "dev": true,
      "engines": {
        "node": ">= 6"
      }
    },
    "node_modules/@digitalbazaar/jws-linked-data-signature/node_modules/fetch-blob": {
      "version": "2.1.2",
      "resolved": "https://registry.npmjs.org/fetch-blob/-/fetch-blob-2.1.2.tgz",
      "integrity": "sha512-YKqtUDwqLyfyMnmbw8XD6Q8j9i/HggKtPEI+pZ1+8bvheBu78biSmNaXWusx1TauGqtUUGx/cBb1mKdq2rLYow==",
      "dev": true,
      "engines": {
        "node": "^10.17.0 || >=12.3.0"
      },
      "peerDependenciesMeta": {
        "domexception": {
          "optional": true
        }
      }
    },
    "node_modules/@digitalbazaar/jws-linked-data-signature/node_modules/jsonld": {
      "version": "5.2.0",
      "resolved": "https://registry.npmjs.org/jsonld/-/jsonld-5.2.0.tgz",
      "integrity": "sha512-JymgT6Xzk5CHEmHuEyvoTNviEPxv6ihLWSPu1gFdtjSAyM6cFqNrv02yS/SIur3BBIkCf0HjizRc24d8/FfQKw==",
      "dev": true,
      "dependencies": {
        "@digitalbazaar/http-client": "^1.1.0",
        "canonicalize": "^1.0.1",
        "lru-cache": "^6.0.0",
        "rdf-canonize": "^3.0.0"
      },
      "engines": {
        "node": ">=12"
      }
    },
    "node_modules/@digitalbazaar/jws-linked-data-signature/node_modules/jsonld-signatures": {
      "version": "9.3.1",
      "resolved": "https://registry.npmjs.org/jsonld-signatures/-/jsonld-signatures-9.3.1.tgz",
      "integrity": "sha512-OasKERvvbfbuItVFrb0pOHiclHPvT98IAorayZnEj48/E0Vz3rTPLzC14rDi1CEXjiiTGeNadLzTLdomdeZEAQ==",
      "dev": true,
      "dependencies": {
        "jsonld": "^5.0.0",
        "security-context": "^4.0.0",
        "serialize-error": "^8.0.1"
      },
      "engines": {
        "node": ">=12"
      }
    },
    "node_modules/@digitalbazaar/jws-linked-data-signature/node_modules/ky": {
      "version": "0.25.1",
      "resolved": "https://registry.npmjs.org/ky/-/ky-0.25.1.tgz",
      "integrity": "sha512-PjpCEWlIU7VpiMVrTwssahkYXX1by6NCT0fhTUX34F3DTinARlgMpriuroolugFPcMgpPWrOW4mTb984Qm1RXA==",
      "dev": true,
      "engines": {
        "node": ">=10"
      },
      "funding": {
        "url": "https://github.com/sindresorhus/ky?sponsor=1"
      }
    },
    "node_modules/@digitalbazaar/jws-linked-data-signature/node_modules/ky-universal": {
      "version": "0.8.2",
      "resolved": "https://registry.npmjs.org/ky-universal/-/ky-universal-0.8.2.tgz",
      "integrity": "sha512-xe0JaOH9QeYxdyGLnzUOVGK4Z6FGvDVzcXFTdrYA1f33MZdEa45sUDaMBy98xQMcsd2XIBrTXRrRYnegcSdgVQ==",
      "dev": true,
      "dependencies": {
        "abort-controller": "^3.0.0",
        "node-fetch": "3.0.0-beta.9"
      },
      "engines": {
        "node": ">=10.17"
      },
      "funding": {
        "url": "https://github.com/sindresorhus/ky-universal?sponsor=1"
      },
      "peerDependencies": {
        "ky": ">=0.17.0",
        "web-streams-polyfill": ">=2.0.0"
      },
      "peerDependenciesMeta": {
        "web-streams-polyfill": {
          "optional": true
        }
      }
    },
    "node_modules/@digitalbazaar/jws-linked-data-signature/node_modules/node-fetch": {
      "version": "3.0.0-beta.9",
      "resolved": "https://registry.npmjs.org/node-fetch/-/node-fetch-3.0.0-beta.9.tgz",
      "integrity": "sha512-RdbZCEynH2tH46+tj0ua9caUHVWrd/RHnRfvly2EVdqGmI3ndS1Vn/xjm5KuGejDt2RNDQsVRLPNd2QPwcewVg==",
      "dev": true,
      "dependencies": {
        "data-uri-to-buffer": "^3.0.1",
        "fetch-blob": "^2.1.1"
      },
      "engines": {
        "node": "^10.17 || >=12.3"
      },
      "funding": {
        "type": "opencollective",
        "url": "https://opencollective.com/node-fetch"
      }
    },
    "node_modules/@digitalbazaar/security-context": {
      "version": "1.0.1",
      "resolved": "https://registry.npmjs.org/@digitalbazaar/security-context/-/security-context-1.0.1.tgz",
      "integrity": "sha512-0WZa6tPiTZZF8leBtQgYAfXQePFQp2z5ivpCEN/iZguYYZ0TB9qRmWtan5XH6mNFuusHtMcyIzAcReyE6rZPhA==",
      "dev": true,
      "license": "BSD-3-Clause"
    },
    "node_modules/@digitalcredentials/credentials-v2-context": {
      "version": "0.0.1-beta.0",
      "resolved": "https://registry.npmjs.org/@digitalcredentials/credentials-v2-context/-/credentials-v2-context-0.0.1-beta.0.tgz",
      "integrity": "sha512-i0AQXFnMeOqf2uKNBUcnN78mO8L9H91QKMdpDqsgDYzTIKGLnNCOOxbRbrJOimhR+soYO64xn54U8/R7Qx0nyA==",
      "dev": true,
      "license": "BSD-3-Clause",
      "engines": {
        "node": ">=18"
      }
    },
    "node_modules/@digitalcredentials/http-client": {
      "version": "5.0.4",
      "resolved": "https://registry.npmjs.org/@digitalcredentials/http-client/-/http-client-5.0.4.tgz",
      "integrity": "sha512-TbbfFauhd5fUAcZ/6TDenTuYqkzqdEhxYk1Rqicxcz33B9rzvJcmT+/81KF9DrUXmu6gpoqCranT2UkZftsxZA==",
      "dev": true,
      "license": "BSD-3-Clause",
      "dependencies": {
        "ky": "^1.0.1",
        "undici": "^6.6.2"
      },
      "engines": {
        "node": ">=18.0"
      }
    },
    "node_modules/@digitalcredentials/http-client/node_modules/ky": {
      "version": "1.8.1",
      "resolved": "https://registry.npmjs.org/ky/-/ky-1.8.1.tgz",
      "integrity": "sha512-7Bp3TpsE+L+TARSnnDpk3xg8Idi8RwSLdj6CMbNWoOARIrGrbuLGusV0dYwbZOm4bB3jHNxSw8Wk/ByDqJEnDw==",
      "dev": true,
      "license": "MIT",
      "engines": {
        "node": ">=18"
      },
      "funding": {
        "url": "https://github.com/sindresorhus/ky?sponsor=1"
      }
    },
    "node_modules/@digitalcredentials/http-client/node_modules/undici": {
      "version": "6.21.2",
      "resolved": "https://registry.npmjs.org/undici/-/undici-6.21.2.tgz",
      "integrity": "sha512-uROZWze0R0itiAKVPsYhFov9LxrPMHLMEQFszeI2gCN6bnIIZ8twzBCJcN2LJrBBLfrP0t1FW0g+JmKVl8Vk1g==",
      "dev": true,
      "license": "MIT",
      "engines": {
        "node": ">=18.17"
      }
    },
    "node_modules/@digitalcredentials/jsonld": {
      "version": "9.0.0",
      "resolved": "https://registry.npmjs.org/@digitalcredentials/jsonld/-/jsonld-9.0.0.tgz",
      "integrity": "sha512-lWVpg65xQbi4lvXWs3BezCwPrGDAllFjHwTBUWJCoKsfGzxtxTwbRNXpfhii5psQ2vvpjPXSI+y0uyRNOzr4cw==",
      "dev": true,
      "license": "BSD-3-Clause",
      "dependencies": {
        "@digitalcredentials/http-client": "^5.0.1",
        "canonicalize": "^1.0.1",
        "lru-cache": "^6.0.0",
        "rdf-canonize": "^3.4.0"
      },
      "engines": {
        "node": ">=14"
      }
    },
    "node_modules/@digitalcredentials/jsonld-signatures": {
      "version": "12.0.1",
      "resolved": "https://registry.npmjs.org/@digitalcredentials/jsonld-signatures/-/jsonld-signatures-12.0.1.tgz",
      "integrity": "sha512-KdyE7Bex+boqKRbvxofRyuI09BD6/8hQGSC5qbrXEmHd0oSLqePqKBM2pu9UZnzjxMZrN9sB3RqHxpijYEFh/w==",
      "dev": true,
      "license": "BSD-3-Clause",
      "dependencies": {
        "@digitalbazaar/security-context": "^1.0.0",
        "@digitalcredentials/jsonld": "^9.0.0",
        "fast-text-encoding": "^1.0.3",
        "serialize-error": "^8.0.1"
      },
      "engines": {
        "node": ">=18"
      }
    },
    "node_modules/@digitalcredentials/open-badges-context": {
      "version": "2.1.0",
      "resolved": "https://registry.npmjs.org/@digitalcredentials/open-badges-context/-/open-badges-context-2.1.0.tgz",
      "integrity": "sha512-VK7X5u6OoBFxkyIFplNqUPVbo+8vFSAEoam8tSozpj05KPfcGw41Tp5p9fqMnY38oPfwtZR2yDNSctj/slrE0A==",
      "dev": true,
      "license": "MIT"
    },
    "node_modules/@digitalcredentials/vc": {
      "version": "9.0.1",
      "resolved": "https://registry.npmjs.org/@digitalcredentials/vc/-/vc-9.0.1.tgz",
      "integrity": "sha512-oqwOq2mJqvrFabc/89jupkNkhhmFrOe93efSjCMmtd4XnM0Tcj3PYOq/ptmyXKpj8+vEqzeGxqF7AXiCMh3dig==",
      "dev": true,
      "license": "BSD-3-Clause",
      "dependencies": {
        "@digitalcredentials/credentials-v2-context": "~0.0.1-beta.0",
        "@digitalcredentials/jsonld": "^9.0.0",
        "@digitalcredentials/jsonld-signatures": "^12.0.0",
        "@digitalcredentials/open-badges-context": "^2.1.0",
        "credentials-context": "^2.0.0",
        "ed25519-signature-2018-context": "^1.1.0"
      },
      "engines": {
        "node": ">=18"
      }
    },
    "node_modules/@nestjs/common": {
      "version": "9.0.11",
      "resolved": "https://registry.npmjs.org/@nestjs/common/-/common-9.0.11.tgz",
      "integrity": "sha512-oYLIcOal3QOwcqt6goXovRNg8ZkalyOMjH0oYYzfJLrait6P7c6nAeWHu4qFDThY7GoZHEanLgji1qlqVEW09g==",
      "dev": true,
      "dependencies": {
        "iterare": "1.2.1",
        "tslib": "2.4.0",
        "uuid": "8.3.2"
      },
      "funding": {
        "type": "opencollective",
        "url": "https://opencollective.com/nest"
      },
      "peerDependencies": {
        "cache-manager": "*",
        "class-transformer": "*",
        "class-validator": "*",
        "reflect-metadata": "^0.1.12",
        "rxjs": "^7.1.0"
      },
      "peerDependenciesMeta": {
        "cache-manager": {
          "optional": true
        },
        "class-transformer": {
          "optional": true
        },
        "class-validator": {
          "optional": true
        }
      }
    },
    "node_modules/@nestjs/core": {
      "version": "9.0.11",
      "resolved": "https://registry.npmjs.org/@nestjs/core/-/core-9.0.11.tgz",
      "integrity": "sha512-DYyoiWSGebDAG8WSfG/ue88HBU39kAJTi2YXftWdVSl1LFveV+pwKY83P2qX0ND38TS8WktFYpaMkXslf97BBQ==",
      "dev": true,
      "hasInstallScript": true,
      "dependencies": {
        "@nuxtjs/opencollective": "0.3.2",
        "fast-safe-stringify": "2.1.1",
        "iterare": "1.2.1",
        "object-hash": "3.0.0",
        "path-to-regexp": "3.2.0",
        "tslib": "2.4.0",
        "uuid": "8.3.2"
      },
      "funding": {
        "type": "opencollective",
        "url": "https://opencollective.com/nest"
      },
      "peerDependencies": {
        "@nestjs/common": "^9.0.0",
        "@nestjs/microservices": "^9.0.0",
        "@nestjs/platform-express": "^9.0.0",
        "@nestjs/websockets": "^9.0.0",
        "reflect-metadata": "^0.1.12",
        "rxjs": "^7.1.0"
      },
      "peerDependenciesMeta": {
        "@nestjs/microservices": {
          "optional": true
        },
        "@nestjs/platform-express": {
          "optional": true
        },
        "@nestjs/websockets": {
          "optional": true
        }
      }
    },
    "node_modules/@nestjs/swagger": {
      "version": "6.1.2",
      "resolved": "https://registry.npmjs.org/@nestjs/swagger/-/swagger-6.1.2.tgz",
      "integrity": "sha512-RU1DeTDyuN/lRXKFWaf7I9LYF34/ale3IIGeY3romAcXL/N9W0+50Ek3ou+Ajd5FqpLqzt7saYhnaQegVuU4UQ==",
      "dev": true,
      "dependencies": {
        "@nestjs/mapped-types": "1.1.0",
        "js-yaml": "4.1.0",
        "lodash": "4.17.21",
        "path-to-regexp": "3.2.0",
        "swagger-ui-dist": "4.14.0"
      },
      "peerDependencies": {
        "@fastify/static": "^6.0.0",
        "@nestjs/common": "^9.0.0",
        "@nestjs/core": "^9.0.0",
        "reflect-metadata": "^0.1.12"
      },
      "peerDependenciesMeta": {
        "@fastify/static": {
          "optional": true
        }
      }
    },
    "node_modules/@nestjs/swagger/node_modules/@nestjs/mapped-types": {
      "version": "1.1.0",
      "resolved": "https://registry.npmjs.org/@nestjs/mapped-types/-/mapped-types-1.1.0.tgz",
      "integrity": "sha512-+2kSly4P1QI+9eGt+/uGyPdEG1hVz7nbpqPHWZVYgoqz8eOHljpXPag+UCVRw9zo2XCu4sgNUIGe8Uk0+OvUQg==",
      "dev": true,
      "license": "MIT",
      "peerDependencies": {
        "@nestjs/common": "^7.0.8 || ^8.0.0 || ^9.0.0",
        "class-transformer": "^0.2.0 || ^0.3.0 || ^0.4.0 || ^0.5.0",
        "class-validator": "^0.11.1 || ^0.12.0 || ^0.13.0",
        "reflect-metadata": "^0.1.12"
      },
      "peerDependenciesMeta": {
        "class-transformer": {
          "optional": true
        },
        "class-validator": {
          "optional": true
        }
      }
    },
    "node_modules/@nestjs/swagger/node_modules/class-validator": {
      "version": "0.13.2",
      "resolved": "https://registry.npmjs.org/class-validator/-/class-validator-0.13.2.tgz",
      "integrity": "sha512-yBUcQy07FPlGzUjoLuUfIOXzgynnQPPruyK1Ge2B74k9ROwnle1E+NxLWnUv5OLU8hA/qL5leAE9XnXq3byaBw==",
      "dev": true,
      "license": "MIT",
      "optional": true,
      "peer": true,
      "dependencies": {
        "libphonenumber-js": "^1.9.43",
        "validator": "^13.7.0"
      }
    },
    "node_modules/@noble/ed25519": {
      "version": "1.7.0",
      "resolved": "https://registry.npmjs.org/@noble/ed25519/-/ed25519-1.7.0.tgz",
      "integrity": "sha512-LeAxFK0+181zQOhOUuKE8Jnd3duzYhDNd3iCLxpmzA5K+e4I1FdbrK3Ot0ZHBwZMeRD/6EojyUfTbpHZ+hkQHg==",
      "dev": true,
      "funding": [
        {
          "type": "individual",
          "url": "https://paulmillr.com/funding/"
        }
      ]
    },
    "node_modules/@nuxtjs/opencollective": {
      "version": "0.3.2",
      "resolved": "https://registry.npmjs.org/@nuxtjs/opencollective/-/opencollective-0.3.2.tgz",
      "integrity": "sha512-um0xL3fO7Mf4fDxcqx9KryrB7zgRM5JSlvGN5AGkP6JLM5XEKyjeAiPbNxdXVXQ16isuAhYpvP88NgL2BGd6aA==",
      "dev": true,
      "dependencies": {
        "chalk": "^4.1.0",
        "consola": "^2.15.0",
        "node-fetch": "^2.6.1"
      },
      "bin": {
        "opencollective": "bin/opencollective.js"
      },
      "engines": {
        "node": ">=8.0.0",
        "npm": ">=5.0.0"
      }
    },
    "node_modules/@nuxtjs/opencollective/node_modules/node-fetch": {
      "version": "2.6.7",
      "resolved": "https://registry.npmjs.org/node-fetch/-/node-fetch-2.6.7.tgz",
      "integrity": "sha512-ZjMPFEfVx5j+y2yF35Kzx5sF7kDzxuDj6ziH4FFbOp87zKDZNx8yExJIb05OGF4Nlt9IHFIMBkRl41VdvcNdbQ==",
      "dev": true,
      "dependencies": {
        "whatwg-url": "^5.0.0"
      },
      "engines": {
        "node": "4.x || >=6.0.0"
      },
      "peerDependencies": {
        "encoding": "^0.1.0"
      },
      "peerDependenciesMeta": {
        "encoding": {
          "optional": true
        }
      }
    },
    "node_modules/@types/node": {
      "version": "18.7.15",
      "resolved": "https://registry.npmjs.org/@types/node/-/node-18.7.15.tgz",
      "integrity": "sha512-XnjpaI8Bgc3eBag2Aw4t2Uj/49lLBSStHWfqKvIuXD7FIrZyMLWp8KuAFHAqxMZYTF9l08N1ctUn9YNybZJVmQ=="
    },
    "node_modules/@types/uuid": {
      "version": "8.3.4",
      "resolved": "https://registry.npmjs.org/@types/uuid/-/uuid-8.3.4.tgz",
      "integrity": "sha512-c/I8ZRb51j+pYGAu5CrFMRxqZ2ke4y2grEBO5AUjgSkSk+qT2Ea+OdWElz/OiMf5MNpn2b17kuVBwZLQJXzihw==",
      "dev": true
    },
    "node_modules/@types/validator": {
      "version": "13.15.0",
      "resolved": "https://registry.npmjs.org/@types/validator/-/validator-13.15.0.tgz",
      "integrity": "sha512-nh7nrWhLr6CBq9ldtw0wx+z9wKnnv/uTVLA9g/3/TcOYxbpOSZE+MhKPmWqU+K0NvThjhv12uD8MuqijB0WzEA==",
      "license": "MIT"
    },
    "node_modules/abort-controller": {
      "version": "3.0.0",
      "resolved": "https://registry.npmjs.org/abort-controller/-/abort-controller-3.0.0.tgz",
      "integrity": "sha512-h8lQ8tacZYnR3vNQTgibj+tODHI5/+l06Au2Pcriv/Gmet0eaj4TwWH41sO9wnHDiQsEj19q0drzdWdeAHtweg==",
      "dependencies": {
        "event-target-shim": "^5.0.0"
      },
      "engines": {
        "node": ">=6.5"
      }
    },
    "node_modules/ansi-styles": {
      "version": "4.3.0",
      "resolved": "https://registry.npmjs.org/ansi-styles/-/ansi-styles-4.3.0.tgz",
      "integrity": "sha512-zbB9rCJAT1rbjiVDb2hqKFHNYLxgtk8NURxZ3IZwD3F6NtxbXZQCnnSi1Lkx+IDohdPlFp222wVALIheZJQSEg==",
      "dev": true,
      "dependencies": {
        "color-convert": "^2.0.1"
      },
      "engines": {
        "node": ">=8"
      },
      "funding": {
        "url": "https://github.com/chalk/ansi-styles?sponsor=1"
      }
    },
    "node_modules/argparse": {
      "version": "2.0.1",
      "resolved": "https://registry.npmjs.org/argparse/-/argparse-2.0.1.tgz",
      "integrity": "sha512-8+9WqebbFzpX9OR+Wa6O29asIogeRMzcGtAINdpMHHyAg10f05aSFVBbcEqGf/PXw1EjAZ+q2/bEBg3DvurK3Q==",
      "dev": true
    },
    "node_modules/balanced-match": {
      "version": "1.0.2",
      "resolved": "https://registry.npmjs.org/balanced-match/-/balanced-match-1.0.2.tgz",
      "integrity": "sha512-3oSeUO0TMV67hN1AmbXsK4yaqU7tjiHlbxRDZOpH0KW9+CeX4bRAaX0Anxt0tx2MrpRpWwQaPwIlISEJhYU5Pw=="
    },
    "node_modules/base58-universal": {
      "version": "1.0.0",
      "resolved": "https://registry.npmjs.org/base58-universal/-/base58-universal-1.0.0.tgz",
      "integrity": "sha512-v0Ja4jwaQP8gBZPNXpfaXlLht2ed/Gp3AsVUZXtlZgY1qbKS0CjxvYs43U0Gh00zbVc1neMe+q/ULJ7ubVyB+w==",
      "dev": true,
      "dependencies": {
        "esm": "^3.2.25"
      },
      "engines": {
        "node": ">=8.3.0"
      }
    },
    "node_modules/base64url": {
      "version": "3.0.1",
      "resolved": "https://registry.npmjs.org/base64url/-/base64url-3.0.1.tgz",
      "integrity": "sha512-ir1UPr3dkwexU7FdV8qBBbNDRUhMmIekYMFZfi+C/sLNnRESKPl23nB9b2pltqfOQNnGzsDdId90AEtG5tCx4A==",
      "dev": true,
      "engines": {
        "node": ">=6.0.0"
      }
    },
    "node_modules/base64url-universal": {
      "version": "1.1.0",
      "resolved": "https://registry.npmjs.org/base64url-universal/-/base64url-universal-1.1.0.tgz",
      "integrity": "sha512-WyftvZqye29YQ10ZnuiBeEj0lk8SN8xHU9hOznkLc85wS1cLTp6RpzlMrHxMPD9nH7S55gsBqMqgGyz93rqmkA==",
      "dev": true,
      "dependencies": {
        "base64url": "^3.0.0"
      },
      "engines": {
        "node": ">=8.3.0"
      }
    },
    "node_modules/brace-expansion": {
      "version": "1.1.11",
      "resolved": "https://registry.npmjs.org/brace-expansion/-/brace-expansion-1.1.11.tgz",
      "integrity": "sha512-iCuPHDFgrHX7H2vEI/5xpz07zSHB00TpugqhmYtVmMO6518mCuRMoOYFldEBl0g187ufozdaHgWKcYFb61qGiA==",
      "dependencies": {
        "balanced-match": "^1.0.0",
        "concat-map": "0.0.1"
      }
    },
    "node_modules/canonicalize": {
      "version": "1.0.8",
      "resolved": "https://registry.npmjs.org/canonicalize/-/canonicalize-1.0.8.tgz",
      "integrity": "sha512-0CNTVCLZggSh7bc5VkX5WWPWO+cyZbNd07IHIsSXLia/eAq+r836hgk+8BKoEh7949Mda87VUOitx5OddVj64A=="
    },
    "node_modules/chalk": {
      "version": "4.1.2",
      "resolved": "https://registry.npmjs.org/chalk/-/chalk-4.1.2.tgz",
      "integrity": "sha512-oKnbhFyRIXpUuez8iBMmyEa4nbj4IOQyuhc/wy9kY7/WVPcwIO9VA668Pu8RkO7+0G76SLROeyw9CpQ061i4mA==",
      "dev": true,
      "dependencies": {
        "ansi-styles": "^4.1.0",
        "supports-color": "^7.1.0"
      },
      "engines": {
        "node": ">=10"
      },
      "funding": {
        "url": "https://github.com/chalk/chalk?sponsor=1"
      }
    },
    "node_modules/class-transformer": {
      "version": "0.5.1",
      "resolved": "https://registry.npmjs.org/class-transformer/-/class-transformer-0.5.1.tgz",
      "integrity": "sha512-SQa1Ws6hUbfC98vKGxZH3KFY0Y1lm5Zm0SY8XX9zbK7FJCyVEac3ATW0RIpwzW+oOfmHE5PMPufDG9hCfoEOMw==",
      "dev": true
    },
    "node_modules/class-validator": {
      "version": "0.14.1",
      "resolved": "https://registry.npmjs.org/class-validator/-/class-validator-0.14.1.tgz",
      "integrity": "sha512-2VEG9JICxIqTpoK1eMzZqaV+u/EiwEJkMGzTrZf6sU/fwsnOITVgYJ8yojSy6CaXtO9V0Cc6ZQZ8h8m4UBuLwQ==",
      "license": "MIT",
      "dependencies": {
        "@types/validator": "^13.11.8",
        "libphonenumber-js": "^1.10.53",
        "validator": "^13.9.0"
      }
    },
    "node_modules/color-convert": {
      "version": "2.0.1",
      "resolved": "https://registry.npmjs.org/color-convert/-/color-convert-2.0.1.tgz",
      "integrity": "sha512-RRECPsj7iu/xb5oKYcsFHSppFNnsj/52OVTRKb4zP5onXwVF3zVmmToNcOfGC+CRDpfK/U584fMg38ZHCaElKQ==",
      "dev": true,
      "dependencies": {
        "color-name": "~1.1.4"
      },
      "engines": {
        "node": ">=7.0.0"
      }
    },
    "node_modules/color-name": {
      "version": "1.1.4",
      "resolved": "https://registry.npmjs.org/color-name/-/color-name-1.1.4.tgz",
      "integrity": "sha512-dOy+3AuW3a2wNbZHIuMZpTcgjGuLU/uBL/ubcZF9OXbDo8ff4O8yVp5Bf0efS8uEoYo5q4Fx7dY9OgQGXgAsQA==",
      "dev": true
    },
    "node_modules/concat-map": {
      "version": "0.0.1",
      "resolved": "https://registry.npmjs.org/concat-map/-/concat-map-0.0.1.tgz",
      "integrity": "sha512-/Srv4dswyQNBfohGpz9o6Yb3Gz3SrUDqBH5rTuhGR7ahtlbYKnVxw2bCFMRljaA7EXHaXZ8wsHdodFvbkhKmqg=="
    },
    "node_modules/consola": {
      "version": "2.15.3",
      "resolved": "https://registry.npmjs.org/consola/-/consola-2.15.3.tgz",
      "integrity": "sha512-9vAdYbHj6x2fLKC4+oPH0kFzY/orMZyG2Aj+kNylHxKGJ/Ed4dpNyAQYwJOdqO4zdM7XpVHmyejQDcQHrnuXbw==",
      "dev": true
    },
    "node_modules/credentials-context": {
      "version": "2.0.0",
      "resolved": "https://registry.npmjs.org/credentials-context/-/credentials-context-2.0.0.tgz",
      "integrity": "sha512-/mFKax6FK26KjgV2KW2D4YqKgoJ5DVJpNt87X2Jc9IxT2HBMy7nEIlc+n7pEi+YFFe721XqrvZPd+jbyyBjsvQ==",
      "dev": true
    },
    "node_modules/crypto-ld": {
      "version": "5.1.0",
      "resolved": "https://registry.npmjs.org/crypto-ld/-/crypto-ld-5.1.0.tgz",
      "integrity": "sha512-Dy1QoQzj+2K6UlGZ9l34cPp+g/YHOd+r3/DXXQTnnz5btGb0vqDlkZBn+icYmwntEmW0bvGVwFWvcwZSbk1EEQ==",
      "dev": true,
      "engines": {
        "node": ">=8.3.0"
      }
    },
    "node_modules/data-uri-to-buffer": {
      "version": "4.0.0",
      "resolved": "https://registry.npmjs.org/data-uri-to-buffer/-/data-uri-to-buffer-4.0.0.tgz",
      "integrity": "sha512-Vr3mLBA8qWmcuschSLAOogKgQ/Jwxulv3RNE4FXnYWRGujzrRWQI4m12fQqRkwX06C0KanhLr4hK+GydchZsaA==",
      "engines": {
        "node": ">= 12"
      }
    },
    "node_modules/ed25519-signature-2018-context": {
      "version": "1.1.0",
      "resolved": "https://registry.npmjs.org/ed25519-signature-2018-context/-/ed25519-signature-2018-context-1.1.0.tgz",
      "integrity": "sha512-ppDWYMNwwp9bploq0fS4l048vHIq41nWsAbPq6H4mNVx9G/GxW3fwg4Ln0mqctP13MoEpREK7Biz8TbVVdYXqA=="
    },
    "node_modules/ed25519-signature-2020-context": {
      "version": "1.1.0",
      "resolved": "https://registry.npmjs.org/ed25519-signature-2020-context/-/ed25519-signature-2020-context-1.1.0.tgz",
      "integrity": "sha512-dBGSmoUIK6h2vadDctrDnhhTO01PR2hJk0mRNEfrRDPCjaIwrfy4J+eziEQ9Q1m8By4f/CSRgKM1h53ydKfdNg==",
      "dev": true
    },
    "node_modules/esm": {
      "version": "3.2.25",
      "resolved": "https://registry.npmjs.org/esm/-/esm-3.2.25.tgz",
      "integrity": "sha512-U1suiZ2oDVWv4zPO56S0NcR5QriEahGtdN2OR6FiOG4WJvcjBVFB0qI4+eKoWFH483PKGuLuu6V8Z4T5g63UVA==",
      "dev": true,
      "engines": {
        "node": ">=6"
      }
    },
    "node_modules/event-target-shim": {
      "version": "5.0.1",
      "resolved": "https://registry.npmjs.org/event-target-shim/-/event-target-shim-5.0.1.tgz",
      "integrity": "sha512-i/2XbnSz/uxRCU6+NdVJgKWDTM427+MqYbkQzD321DuCQJUqOuJKIA0IM2+W2xtYHdKOmZ4dR6fExsd4SXL+WQ==",
      "engines": {
        "node": ">=6"
      }
    },
    "node_modules/fast-safe-stringify": {
      "version": "2.1.1",
      "resolved": "https://registry.npmjs.org/fast-safe-stringify/-/fast-safe-stringify-2.1.1.tgz",
      "integrity": "sha512-W+KJc2dmILlPplD/H4K9l9LcAHAfPtP6BY84uVLXQ6Evcz9Lcg33Y2z1IVblT6xdY54PXYVHEv+0Wpq8Io6zkA==",
      "dev": true
    },
    "node_modules/fast-text-encoding": {
      "version": "1.0.6",
      "resolved": "https://registry.npmjs.org/fast-text-encoding/-/fast-text-encoding-1.0.6.tgz",
      "integrity": "sha512-VhXlQgj9ioXCqGstD37E/HBeqEGV/qOD/kmbVG8h5xKBYvM1L3lR1Zn4555cQ8GkYbJa8aJSipLPndE1k6zK2w==",
      "dev": true,
      "license": "Apache-2.0"
    },
    "node_modules/fetch-blob": {
      "version": "3.2.0",
      "resolved": "https://registry.npmjs.org/fetch-blob/-/fetch-blob-3.2.0.tgz",
      "integrity": "sha512-7yAQpD2UMJzLi1Dqv7qFYnPbaPx7ZfFK6PiIxQ4PfkGPyNyl2Ugx+a/umUonmKqjhM4DnfbMvdX6otXq83soQQ==",
      "funding": [
        {
          "type": "github",
          "url": "https://github.com/sponsors/jimmywarting"
        },
        {
          "type": "paypal",
          "url": "https://paypal.me/jimmywarting"
        }
      ],
      "dependencies": {
        "node-domexception": "^1.0.0",
        "web-streams-polyfill": "^3.0.3"
      },
      "engines": {
        "node": "^12.20 || >= 14.13"
      }
    },
    "node_modules/formdata-polyfill": {
      "version": "4.0.10",
      "resolved": "https://registry.npmjs.org/formdata-polyfill/-/formdata-polyfill-4.0.10.tgz",
      "integrity": "sha512-buewHzMvYL29jdeQTVILecSaZKnt/RJWjoZCF5OW60Z67/GmSLBkOFM7qh1PI3zFNtJbaZL5eQu1vLfazOwj4g==",
      "dependencies": {
        "fetch-blob": "^3.1.2"
      },
      "engines": {
        "node": ">=12.20.0"
      }
    },
    "node_modules/fs.realpath": {
      "version": "1.0.0",
      "resolved": "https://registry.npmjs.org/fs.realpath/-/fs.realpath-1.0.0.tgz",
      "integrity": "sha512-OO0pH2lK6a0hZnAdau5ItzHPI6pUlvI7jMVnxUQRtw4owF2wk8lOSabtGDCTP4Ggrg2MbGnWO9X8K1t4+fGMDw=="
    },
    "node_modules/glob": {
      "version": "7.2.3",
      "resolved": "https://registry.npmjs.org/glob/-/glob-7.2.3.tgz",
      "integrity": "sha512-nFR0zLpU2YCaRxwoCJvL6UvCH2JFyFVIvwTLsIf21AuHlMskA1hhTdk+LlYJtOlYt9v6dvszD2BGRqBL+iQK9Q==",
      "deprecated": "Glob versions prior to v9 are no longer supported",
      "dependencies": {
        "fs.realpath": "^1.0.0",
        "inflight": "^1.0.4",
        "inherits": "2",
        "minimatch": "^3.1.1",
        "once": "^1.3.0",
        "path-is-absolute": "^1.0.0"
      },
      "engines": {
        "node": "*"
      },
      "funding": {
        "url": "https://github.com/sponsors/isaacs"
      }
    },
    "node_modules/has-flag": {
      "version": "4.0.0",
      "resolved": "https://registry.npmjs.org/has-flag/-/has-flag-4.0.0.tgz",
      "integrity": "sha512-EykJT/Q1KjTWctppgIAgfSO0tKVuZUjhgMr17kqTumMl6Afv3EISleU7qZUzoXDFTAHTDC4NOoG/ZxU3EvlMPQ==",
      "dev": true,
      "engines": {
        "node": ">=8"
      }
    },
    "node_modules/inflight": {
      "version": "1.0.6",
      "resolved": "https://registry.npmjs.org/inflight/-/inflight-1.0.6.tgz",
      "integrity": "sha512-k92I/b08q4wvFscXCLvqfsHCrjrF7yiXsQuIVvVE7N82W3+aqpzuUdBbfhWcy/FZR3/4IgflMgKLOsvPDrGCJA==",
      "deprecated": "This module is not supported, and leaks memory. Do not use it. Check out lru-cache if you want a good and tested way to coalesce async requests by a key value, which is much more comprehensive and powerful.",
      "dependencies": {
        "once": "^1.3.0",
        "wrappy": "1"
      }
    },
    "node_modules/inherits": {
      "version": "2.0.4",
      "resolved": "https://registry.npmjs.org/inherits/-/inherits-2.0.4.tgz",
      "integrity": "sha512-k/vGaX4/Yla3WzyMCvTQOXYeIHvqOKtnqBduzTHpzpQZzAskKMhZ2K+EnBiSM9zGSoIFeMpXKxa4dYeZIQqewQ=="
    },
    "node_modules/iterare": {
      "version": "1.2.1",
      "resolved": "https://registry.npmjs.org/iterare/-/iterare-1.2.1.tgz",
      "integrity": "sha512-RKYVTCjAnRthyJes037NX/IiqeidgN1xc3j1RjFfECFp28A1GVwK9nA+i0rJPaHqSZwygLzRnFlzUuHFoWWy+Q==",
      "dev": true,
      "engines": {
        "node": ">=6"
      }
    },
    "node_modules/js-yaml": {
      "version": "4.1.0",
      "resolved": "https://registry.npmjs.org/js-yaml/-/js-yaml-4.1.0.tgz",
      "integrity": "sha512-wpxZs9NoxZaJESJGIZTyDEaYpl0FKSA+FB9aJiyemKhMwkxQg63h4T1KJgUGHpTqPDNRcmmYLugrRjJlBtWvRA==",
      "dev": true,
      "dependencies": {
        "argparse": "^2.0.1"
      },
      "bin": {
        "js-yaml": "bin/js-yaml.js"
      }
    },
    "node_modules/jsonld": {
      "version": "6.0.0",
      "resolved": "https://registry.npmjs.org/jsonld/-/jsonld-6.0.0.tgz",
      "integrity": "sha512-1SkN2RXhMCTCSkX+bzHvr9ycM2HTmjWyV41hn2xG7k6BqlCgRjw0zHmuqfphjBRPqi1gKMIqgBCe/0RZMcWrAA==",
      "dependencies": {
        "@digitalbazaar/http-client": "^3.2.0",
        "canonicalize": "^1.0.1",
        "lru-cache": "^6.0.0",
        "rdf-canonize": "^3.0.0"
      },
      "engines": {
        "node": ">=14"
      }
    },
    "node_modules/jsonld-signatures": {
      "version": "10.0.0",
      "resolved": "https://registry.npmjs.org/jsonld-signatures/-/jsonld-signatures-10.0.0.tgz",
      "integrity": "sha512-Zvwwm2xO93QUaEi8LQGh96Sk2J9TS/VLTuXP+WiHQzwKEryNs/2r/1dcaGJ2y5uIHCwPB1nYq0W1A+U2uOvHUA==",
      "dependencies": {
        "jsonld": "^6.0.0",
        "security-context": "^4.0.0",
        "serialize-error": "^8.0.1"
      },
      "engines": {
        "node": ">=14"
      }
    },
    "node_modules/ky": {
      "version": "0.30.0",
      "resolved": "https://registry.npmjs.org/ky/-/ky-0.30.0.tgz",
      "integrity": "sha512-X/u76z4JtDVq10u1JA5UQfatPxgPaVDMYTrgHyiTpGN2z4TMEJkIHsoSBBSg9SWZEIXTKsi9kHgiQ9o3Y/4yog==",
      "engines": {
        "node": ">=12"
      },
      "funding": {
        "url": "https://github.com/sindresorhus/ky?sponsor=1"
      }
    },
    "node_modules/ky-universal": {
      "version": "0.10.1",
      "resolved": "https://registry.npmjs.org/ky-universal/-/ky-universal-0.10.1.tgz",
      "integrity": "sha512-r8909k+ELKZAxhVA5c440x22hqw5XcMRwLRbgpPQk4JHy3/ddJnvzcnSo5Ww3HdKdNeS3Y8dBgcIYyVahMa46g==",
      "dependencies": {
        "abort-controller": "^3.0.0",
        "node-fetch": "^3.2.2"
      },
      "engines": {
        "node": ">=14"
      },
      "funding": {
        "url": "https://github.com/sindresorhus/ky-universal?sponsor=1"
      },
      "peerDependencies": {
        "ky": ">=0.26.0",
        "web-streams-polyfill": ">=3.0.1"
      },
      "peerDependenciesMeta": {
        "web-streams-polyfill": {
          "optional": true
        }
      }
    },
    "node_modules/libphonenumber-js": {
      "version": "1.12.7",
      "resolved": "https://registry.npmjs.org/libphonenumber-js/-/libphonenumber-js-1.12.7.tgz",
      "integrity": "sha512-0nYZSNj/QEikyhcM5RZFXGlCB/mr4PVamnT1C2sKBnDDTYndrvbybYjvg+PMqAndQHlLbwQ3socolnL3WWTUFA==",
      "license": "MIT"
    },
    "node_modules/lodash": {
      "version": "4.17.21",
      "resolved": "https://registry.npmjs.org/lodash/-/lodash-4.17.21.tgz",
      "integrity": "sha512-v2kDEe57lecTulaDIuNTPy3Ry4gLGJ6Z1O3vE1krgXZNrsQ+LFTGHVxVjcXPs17LhbZVGedAJv8XZ1tvj5FvSg==",
      "dev": true
    },
    "node_modules/lru-cache": {
      "version": "6.0.0",
      "resolved": "https://registry.npmjs.org/lru-cache/-/lru-cache-6.0.0.tgz",
      "integrity": "sha512-Jo6dJ04CmSjuznwJSS3pUeWmd/H0ffTlkXXgwZi+eq1UCmqQwCh+eLsYOYCwY991i2Fah4h1BEMCx4qThGbsiA==",
      "dependencies": {
        "yallist": "^4.0.0"
      },
      "engines": {
        "node": ">=10"
      }
    },
    "node_modules/minimatch": {
      "version": "3.1.2",
      "resolved": "https://registry.npmjs.org/minimatch/-/minimatch-3.1.2.tgz",
      "integrity": "sha512-J7p63hRiAjw1NDEww1W7i37+ByIrOWO5XQQAzZ3VOcL0PNybwpfmV/N05zFAzwQ9USyEcX6t3UO+K5aqBQOIHw==",
      "dependencies": {
        "brace-expansion": "^1.1.7"
      },
      "engines": {
        "node": "*"
      }
    },
    "node_modules/node-domexception": {
      "version": "1.0.0",
      "resolved": "https://registry.npmjs.org/node-domexception/-/node-domexception-1.0.0.tgz",
      "integrity": "sha512-/jKZoMpw0F8GRwl4/eLROPA3cfcXtLApP0QzLmUT/HuPCZWyB7IY9ZrMeKw2O/nFIqPQB3PVM9aYm0F312AXDQ==",
      "deprecated": "Use your platform's native DOMException instead",
      "funding": [
        {
          "type": "github",
          "url": "https://github.com/sponsors/jimmywarting"
        },
        {
          "type": "github",
          "url": "https://paypal.me/jimmywarting"
        }
      ],
      "engines": {
        "node": ">=10.5.0"
      }
    },
    "node_modules/node-fetch": {
      "version": "3.2.10",
      "resolved": "https://registry.npmjs.org/node-fetch/-/node-fetch-3.2.10.tgz",
      "integrity": "sha512-MhuzNwdURnZ1Cp4XTazr69K0BTizsBroX7Zx3UgDSVcZYKF/6p0CBe4EUb/hLqmzVhl0UpYfgRljQ4yxE+iCxA==",
      "dependencies": {
        "data-uri-to-buffer": "^4.0.0",
        "fetch-blob": "^3.1.4",
        "formdata-polyfill": "^4.0.10"
      },
      "engines": {
        "node": "^12.20.0 || ^14.13.1 || >=16.0.0"
      },
      "funding": {
        "type": "opencollective",
        "url": "https://opencollective.com/node-fetch"
      }
    },
    "node_modules/object-hash": {
      "version": "3.0.0",
      "resolved": "https://registry.npmjs.org/object-hash/-/object-hash-3.0.0.tgz",
      "integrity": "sha512-RSn9F68PjH9HqtltsSnqYC1XXoWe9Bju5+213R98cNGttag9q9yAOTzdbsqvIa7aNm5WffBZFpWYr2aWrklWAw==",
      "dev": true,
      "engines": {
        "node": ">= 6"
      }
    },
    "node_modules/once": {
      "version": "1.4.0",
      "resolved": "https://registry.npmjs.org/once/-/once-1.4.0.tgz",
      "integrity": "sha512-lNaJgI+2Q5URQBkccEKHTQOPaXdUxnZZElQTZY0MFUAuaEqe1E+Nyvgdz/aIyNi6Z9MzO5dv1H8n58/GELp3+w==",
      "dependencies": {
        "wrappy": "1"
      }
    },
    "node_modules/path-is-absolute": {
      "version": "1.0.1",
      "resolved": "https://registry.npmjs.org/path-is-absolute/-/path-is-absolute-1.0.1.tgz",
      "integrity": "sha512-AVbw3UJ2e9bq64vSaS9Am0fje1Pa8pbGqTTsmXfaIiMpnr5DlDhfJOuLj9Sf95ZPVDAUerDfEk88MPmPe7UCQg==",
      "engines": {
        "node": ">=0.10.0"
      }
    },
    "node_modules/path-to-regexp": {
      "version": "3.2.0",
      "resolved": "https://registry.npmjs.org/path-to-regexp/-/path-to-regexp-3.2.0.tgz",
      "integrity": "sha512-jczvQbCUS7XmS7o+y1aEO9OBVFeZBQ1MDSEqmO7xSoPgOPoowY/SxLpZ6Vh97/8qHZOteiCKb7gkG9gA2ZUxJA==",
      "dev": true
    },
    "node_modules/rdf-canonize": {
      "version": "3.4.0",
      "resolved": "https://registry.npmjs.org/rdf-canonize/-/rdf-canonize-3.4.0.tgz",
      "integrity": "sha512-fUeWjrkOO0t1rg7B2fdyDTvngj+9RlUyL92vOdiB7c0FPguWVsniIMjEtHH+meLBO9rzkUlUzBVXgWrjI8P9LA==",
      "license": "BSD-3-Clause",
      "dependencies": {
        "setimmediate": "^1.0.5"
      },
      "engines": {
        "node": ">=12"
      }
    },
    "node_modules/reflect-metadata": {
      "version": "0.1.13",
      "resolved": "https://registry.npmjs.org/reflect-metadata/-/reflect-metadata-0.1.13.tgz",
      "integrity": "sha512-Ts1Y/anZELhSsjMcU605fU9RE4Oi3p5ORujwbIKXfWa+0Zxs510Qrmrce5/Jowq3cHSZSJqBjypxmHarc+vEWg=="
    },
    "node_modules/rimraf": {
      "version": "3.0.2",
      "resolved": "https://registry.npmjs.org/rimraf/-/rimraf-3.0.2.tgz",
      "integrity": "sha512-JZkJMZkAGFFPP2YqXZXPbMlMBgsxzE8ILs4lMIX/2o0L9UBw9O/Y3o6wFw/i9YLapcUJWwqbi3kdxIPdC62TIA==",
      "deprecated": "Rimraf versions prior to v4 are no longer supported",
      "dependencies": {
        "glob": "^7.1.3"
      },
      "bin": {
        "rimraf": "bin.js"
      },
      "funding": {
        "url": "https://github.com/sponsors/isaacs"
      }
    },
    "node_modules/rxjs": {
      "version": "7.5.6",
      "resolved": "https://registry.npmjs.org/rxjs/-/rxjs-7.5.6.tgz",
      "integrity": "sha512-dnyv2/YsXhnm461G+R/Pe5bWP41Nm6LBXEYWI6eiFP4fiwx6WRI/CD0zbdVAudd9xwLEF2IDcKXLHit0FYjUzw==",
      "dependencies": {
        "tslib": "^2.1.0"
      }
    },
    "node_modules/security-context": {
      "version": "4.0.0",
      "resolved": "https://registry.npmjs.org/security-context/-/security-context-4.0.0.tgz",
      "integrity": "sha512-yiDCS7tpKQl6p4NG57BdKLTSNLFfj5HosBIzXBl4jZf/qorJzSzbEUIdLhN+vVYgyLlvjixY8DPPTgqI8zvNCA=="
    },
    "node_modules/serialize-error": {
      "version": "8.1.0",
      "resolved": "https://registry.npmjs.org/serialize-error/-/serialize-error-8.1.0.tgz",
      "integrity": "sha512-3NnuWfM6vBYoy5gZFvHiYsVbafvI9vZv/+jlIigFn4oP4zjNPK3LhcY0xSCgeb1a5L8jO71Mit9LlNoi2UfDDQ==",
      "dependencies": {
        "type-fest": "^0.20.2"
      },
      "engines": {
        "node": ">=10"
      },
      "funding": {
        "url": "https://github.com/sponsors/sindresorhus"
      }
    },
    "node_modules/setimmediate": {
      "version": "1.0.5",
      "resolved": "https://registry.npmjs.org/setimmediate/-/setimmediate-1.0.5.tgz",
      "integrity": "sha512-MATJdZp8sLqDl/68LfQmbP8zKPLQNV6BIZoIgrscFDQ+RsvK/BxeDQOgyxKKoh0y/8h3BqVFnCqQ/gd+reiIXA=="
    },
    "node_modules/supports-color": {
      "version": "7.2.0",
      "resolved": "https://registry.npmjs.org/supports-color/-/supports-color-7.2.0.tgz",
      "integrity": "sha512-qpCAvRl9stuOHveKsn7HncJRvv501qIacKzQlO/+Lwxc9+0q2wLyv4Dfvt80/DPn2pqOBsJdDiogXGR9+OvwRw==",
      "dev": true,
      "dependencies": {
        "has-flag": "^4.0.0"
      },
      "engines": {
        "node": ">=8"
      }
    },
    "node_modules/swagger-ui-dist": {
      "version": "4.14.0",
      "resolved": "https://registry.npmjs.org/swagger-ui-dist/-/swagger-ui-dist-4.14.0.tgz",
      "integrity": "sha512-TBzhheU15s+o54Cgk9qxuYcZMiqSm/SkvKnapoGHOF66kz0Y5aGjpzj5BT/vpBbn6rTPJ9tUYXQxuDWfsjiGMw==",
      "dev": true
    },
    "node_modules/tr46": {
      "version": "0.0.3",
      "resolved": "https://registry.npmjs.org/tr46/-/tr46-0.0.3.tgz",
      "integrity": "sha512-N3WMsuqV66lT30CrXNbEjx4GEwlow3v6rr4mCcv6prnfwhS01rkgyFdjPNBYd9br7LpXV1+Emh01fHnq2Gdgrw==",
      "dev": true
    },
    "node_modules/tslib": {
      "version": "2.4.0",
      "resolved": "https://registry.npmjs.org/tslib/-/tslib-2.4.0.tgz",
      "integrity": "sha512-d6xOpEDfsi2CZVlPQzGeux8XMwLT9hssAsaPYExaQMuYskwb+x1x7J371tWlbBdWHroy99KnVB6qIkUbs5X3UQ=="
    },
    "node_modules/type-fest": {
      "version": "0.20.2",
      "resolved": "https://registry.npmjs.org/type-fest/-/type-fest-0.20.2.tgz",
      "integrity": "sha512-Ne+eE4r0/iWnpAxD852z3A+N0Bt5RN//NjJwRd2VFHEmrywxf5vsZlh4R6lixl6B+wz/8d+maTSAkN1FIkI3LQ==",
      "engines": {
        "node": ">=10"
      },
      "funding": {
        "url": "https://github.com/sponsors/sindresorhus"
      }
    },
    "node_modules/typescript": {
      "version": "4.8.2",
      "resolved": "https://registry.npmjs.org/typescript/-/typescript-4.8.2.tgz",
      "integrity": "sha512-C0I1UsrrDHo2fYI5oaCGbSejwX4ch+9Y5jTQELvovfmFkK3HHSZJB8MSJcWLmCUBzQBchCrZ9rMRV6GuNrvGtw==",
      "bin": {
        "tsc": "bin/tsc",
        "tsserver": "bin/tsserver"
      },
      "engines": {
        "node": ">=4.2.0"
      }
    },
    "node_modules/undici": {
      "version": "5.10.0",
      "resolved": "https://registry.npmjs.org/undici/-/undici-5.10.0.tgz",
      "integrity": "sha512-c8HsD3IbwmjjbLvoZuRI26TZic+TSEe8FPMLLOkN1AfYRhdjnKBU6yL+IwcSCbdZiX4e5t0lfMDLDCqj4Sq70g==",
      "engines": {
        "node": ">=12.18"
      }
    },
    "node_modules/uuid": {
      "version": "8.3.2",
      "resolved": "https://registry.npmjs.org/uuid/-/uuid-8.3.2.tgz",
      "integrity": "sha512-+NYs2QeMWy+GWFOEm9xnn6HCDp0l7QBD7ml8zLUmJ+93Q5NF0NocErnwkTkXVFNiX3/fpC6afS8Dhb/gz7R7eg==",
      "bin": {
        "uuid": "dist/bin/uuid"
      }
    },
    "node_modules/validator": {
      "version": "13.15.0",
      "resolved": "https://registry.npmjs.org/validator/-/validator-13.15.0.tgz",
      "integrity": "sha512-36B2ryl4+oL5QxZ3AzD0t5SsMNGvTtQHpjgFO5tbNxfXbMFkY822ktCDe1MnlqV3301QQI9SLHDNJokDI+Z9pA==",
      "license": "MIT",
      "engines": {
        "node": ">= 0.10"
      }
    },
    "node_modules/web-streams-polyfill": {
      "version": "3.2.1",
      "resolved": "https://registry.npmjs.org/web-streams-polyfill/-/web-streams-polyfill-3.2.1.tgz",
      "integrity": "sha512-e0MO3wdXWKrLbL0DgGnUV7WHVuw9OUvL4hjgnPkIeEvESk74gAITi5G606JtZPp39cd8HA9VQzCIvA49LpPN5Q==",
      "engines": {
        "node": ">= 8"
      }
    },
    "node_modules/webidl-conversions": {
      "version": "3.0.1",
      "resolved": "https://registry.npmjs.org/webidl-conversions/-/webidl-conversions-3.0.1.tgz",
      "integrity": "sha512-2JAn3z8AR6rjK8Sm8orRC0h/bcl/DqL7tRPdGZ4I1CjdF+EaMLmYxBHyXuKL849eucPFhvBoxMsflfOb8kxaeQ==",
      "dev": true
    },
    "node_modules/whatwg-url": {
      "version": "5.0.0",
      "resolved": "https://registry.npmjs.org/whatwg-url/-/whatwg-url-5.0.0.tgz",
      "integrity": "sha512-saE57nupxk6v3HY35+jzBwYa0rKSy0XR8JSxZPwgLr7ys0IBzhGviA1/TUGJLmSVqs8pb9AnvICXEuOHLprYTw==",
      "dev": true,
      "dependencies": {
        "tr46": "~0.0.3",
        "webidl-conversions": "^3.0.0"
      }
    },
    "node_modules/wrappy": {
      "version": "1.0.2",
      "resolved": "https://registry.npmjs.org/wrappy/-/wrappy-1.0.2.tgz",
      "integrity": "sha512-l4Sp/DRseor9wL6EvV2+TuQn63dMkPjZ/sp9XkghTEbV9KlPS1xUsZ3u7/IQO4wxtcFB4bgpQPRcR3QCvezPcQ=="
    },
    "node_modules/yallist": {
      "version": "4.0.0",
      "resolved": "https://registry.npmjs.org/yallist/-/yallist-4.0.0.tgz",
      "integrity": "sha512-3wdGidZyq5PB084XLES5TpOSRA3wjXAlIWMhum2kRcv/41Sn2emQ0dycQW4uZXLejwKvg6EsvbdlVL+FYEct7A=="
    }
  }
}
